// !$*UTF8*$!
{
	archiveVersion = 1;
	classes = {
	};
	objectVersion = 46;
	objects = {

/* Begin PBXBuildFile section */
		0631761F176C5F0D002BAB29 /* UIKit.framework in Frameworks */ = {isa = PBXBuildFile; fileRef = 0631761E176C5F0D002BAB29 /* UIKit.framework */; };
		06317621176C5F0D002BAB29 /* Foundation.framework in Frameworks */ = {isa = PBXBuildFile; fileRef = 06317620176C5F0D002BAB29 /* Foundation.framework */; };
		06317623176C5F0D002BAB29 /* CoreGraphics.framework in Frameworks */ = {isa = PBXBuildFile; fileRef = 06317622176C5F0D002BAB29 /* CoreGraphics.framework */; };
		06317629176C5F0D002BAB29 /* InfoPlist.strings in Resources */ = {isa = PBXBuildFile; fileRef = 06317627176C5F0D002BAB29 /* InfoPlist.strings */; };
		0631762B176C5F0D002BAB29 /* main.m in Sources */ = {isa = PBXBuildFile; fileRef = 0631762A176C5F0D002BAB29 /* main.m */; };
		0631762F176C5F0D002BAB29 /* ismAppDelegate.m in Sources */ = {isa = PBXBuildFile; fileRef = 0631762E176C5F0D002BAB29 /* ismAppDelegate.m */; };
		06317631176C5F0D002BAB29 /* Default.png in Resources */ = {isa = PBXBuildFile; fileRef = 06317630176C5F0D002BAB29 /* Default.png */; };
		06317633176C5F0D002BAB29 /* Default@2x.png in Resources */ = {isa = PBXBuildFile; fileRef = 06317632176C5F0D002BAB29 /* Default@2x.png */; };
		06317635176C5F0D002BAB29 /* Default-568h@2x.png in Resources */ = {isa = PBXBuildFile; fileRef = 06317634176C5F0D002BAB29 /* Default-568h@2x.png */; };
		06317638176C5F0D002BAB29 /* ismViewController.m in Sources */ = {isa = PBXBuildFile; fileRef = 06317637176C5F0D002BAB29 /* ismViewController.m */; };
		0631763B176C5F0D002BAB29 /* ismViewController.xib in Resources */ = {isa = PBXBuildFile; fileRef = 06317639176C5F0D002BAB29 /* ismViewController.xib */; };
/* End PBXBuildFile section */

/* Begin PBXFileReference section */
		0631761B176C5F0D002BAB29 /* sunpost.app */ = {isa = PBXFileReference; explicitFileType = wrapper.application; includeInIndex = 0; path = sunpost.app; sourceTree = BUILT_PRODUCTS_DIR; };
		0631761E176C5F0D002BAB29 /* UIKit.framework */ = {isa = PBXFileReference; lastKnownFileType = wrapper.framework; name = UIKit.framework; path = System/Library/Frameworks/UIKit.framework; sourceTree = SDKROOT; };
		06317620176C5F0D002BAB29 /* Foundation.framework */ = {isa = PBXFileReference; lastKnownFileType = wrapper.framework; name = Foundation.framework; path = System/Library/Frameworks/Foundation.framework; sourceTree = SDKROOT; };
		06317622176C5F0D002BAB29 /* CoreGraphics.framework */ = {isa = PBXFileReference; lastKnownFileType = wrapper.framework; name = CoreGraphics.framework; path = System/Library/Frameworks/CoreGraphics.framework; sourceTree = SDKROOT; };
		06317626176C5F0D002BAB29 /* sunpost-Info.plist */ = {isa = PBXFileReference; lastKnownFileType = text.plist.xml; path = "sunpost-Info.plist"; sourceTree = "<group>"; };
		06317628176C5F0D002BAB29 /* en */ = {isa = PBXFileReference; lastKnownFileType = text.plist.strings; name = en; path = en.lproj/InfoPlist.strings; sourceTree = "<group>"; };
		0631762A176C5F0D002BAB29 /* main.m */ = {isa = PBXFileReference; lastKnownFileType = sourcecode.c.objc; path = main.m; sourceTree = "<group>"; };
		0631762C176C5F0D002BAB29 /* sunpost-Prefix.pch */ = {isa = PBXFileReference; lastKnownFileType = sourcecode.c.h; path = "sunpost-Prefix.pch"; sourceTree = "<group>"; };
		0631762D176C5F0D002BAB29 /* ismAppDelegate.h */ = {isa = PBXFileReference; lastKnownFileType = sourcecode.c.h; path = ismAppDelegate.h; sourceTree = "<group>"; };
		0631762E176C5F0D002BAB29 /* ismAppDelegate.m */ = {isa = PBXFileReference; lastKnownFileType = sourcecode.c.objc; path = ismAppDelegate.m; sourceTree = "<group>"; };
		06317630176C5F0D002BAB29 /* Default.png */ = {isa = PBXFileReference; lastKnownFileType = image.png; path = Default.png; sourceTree = "<group>"; };
		06317632176C5F0D002BAB29 /* Default@2x.png */ = {isa = PBXFileReference; lastKnownFileType = image.png; path = "Default@2x.png"; sourceTree = "<group>"; };
		06317634176C5F0D002BAB29 /* Default-568h@2x.png */ = {isa = PBXFileReference; lastKnownFileType = image.png; path = "Default-568h@2x.png"; sourceTree = "<group>"; };
		06317636176C5F0D002BAB29 /* ismViewController.h */ = {isa = PBXFileReference; lastKnownFileType = sourcecode.c.h; path = ismViewController.h; sourceTree = "<group>"; };
		06317637176C5F0D002BAB29 /* ismViewController.m */ = {isa = PBXFileReference; lastKnownFileType = sourcecode.c.objc; path = ismViewController.m; sourceTree = "<group>"; };
		0631763A176C5F0D002BAB29 /* en */ = {isa = PBXFileReference; lastKnownFileType = file.xib; name = en; path = en.lproj/ismViewController.xib; sourceTree = "<group>"; };
/* End PBXFileReference section */

/* Begin PBXFrameworksBuildPhase section */
		06317618176C5F0D002BAB29 /* Frameworks */ = {
			isa = PBXFrameworksBuildPhase;
			buildActionMask = 2147483647;
			files = (
				0631761F176C5F0D002BAB29 /* UIKit.framework in Frameworks */,
				06317621176C5F0D002BAB29 /* Foundation.framework in Frameworks */,
				06317623176C5F0D002BAB29 /* CoreGraphics.framework in Frameworks */,
			);
			runOnlyForDeploymentPostprocessing = 0;
		};
/* End PBXFrameworksBuildPhase section */

/* Begin PBXGroup section */
		06317612176C5F0D002BAB29 = {
			isa = PBXGroup;
			children = (
				06317624176C5F0D002BAB29 /* sunpost */,
				0631761D176C5F0D002BAB29 /* Frameworks */,
				0631761C176C5F0D002BAB29 /* Products */,
			);
			sourceTree = "<group>";
		};
		0631761C176C5F0D002BAB29 /* Products */ = {
			isa = PBXGroup;
			children = (
				0631761B176C5F0D002BAB29 /* sunpost.app */,
			);
			name = Products;
			sourceTree = "<group>";
		};
		0631761D176C5F0D002BAB29 /* Frameworks */ = {
			isa = PBXGroup;
			children = (
				0631761E176C5F0D002BAB29 /* UIKit.framework */,
				06317620176C5F0D002BAB29 /* Foundation.framework */,
				06317622176C5F0D002BAB29 /* CoreGraphics.framework */,
			);
			name = Frameworks;
			sourceTree = "<group>";
		};
		06317624176C5F0D002BAB29 /* sunpost */ = {
			isa = PBXGroup;
			children = (
				0631762D176C5F0D002BAB29 /* ismAppDelegate.h */,
				0631762E176C5F0D002BAB29 /* ismAppDelegate.m */,
				06317636176C5F0D002BAB29 /* ismViewController.h */,
				06317637176C5F0D002BAB29 /* ismViewController.m */,
				06317639176C5F0D002BAB29 /* ismViewController.xib */,
				06317625176C5F0D002BAB29 /* Supporting Files */,
			);
			path = sunpost;
			sourceTree = "<group>";
		};
		06317625176C5F0D002BAB29 /* Supporting Files */ = {
			isa = PBXGroup;
			children = (
				06317626176C5F0D002BAB29 /* sunpost-Info.plist */,
				06317627176C5F0D002BAB29 /* InfoPlist.strings */,
				0631762A176C5F0D002BAB29 /* main.m */,
				0631762C176C5F0D002BAB29 /* sunpost-Prefix.pch */,
				06317630176C5F0D002BAB29 /* Default.png */,
				06317632176C5F0D002BAB29 /* Default@2x.png */,
				06317634176C5F0D002BAB29 /* Default-568h@2x.png */,
			);
			name = "Supporting Files";
			sourceTree = "<group>";
		};
/* End PBXGroup section */

/* Begin PBXNativeTarget section */
		0631761A176C5F0D002BAB29 /* sunpost */ = {
			isa = PBXNativeTarget;
			buildConfigurationList = 0631763E176C5F0D002BAB29 /* Build configuration list for PBXNativeTarget "sunpost" */;
			buildPhases = (
				06317617176C5F0D002BAB29 /* Sources */,
				06317618176C5F0D002BAB29 /* Frameworks */,
				06317619176C5F0D002BAB29 /* Resources */,
			);
			buildRules = (
			);
			dependencies = (
			);
			name = sunpost;
			productName = sunpost;
			productReference = 0631761B176C5F0D002BAB29 /* sunpost.app */;
			productType = "com.apple.product-type.application";
		};
/* End PBXNativeTarget section */

/* Begin PBXProject section */
		06317613176C5F0D002BAB29 /* Project object */ = {
			isa = PBXProject;
			attributes = {
				CLASSPREFIX = ism;
				LastUpgradeCheck = 0460;
				ORGANIZATIONNAME = kanade;
			};
			buildConfigurationList = 06317616176C5F0D002BAB29 /* Build configuration list for PBXProject "sunpost" */;
			compatibilityVersion = "Xcode 3.2";
			developmentRegion = English;
			hasScannedForEncodings = 0;
			knownRegions = (
				en,
			);
			mainGroup = 06317612176C5F0D002BAB29;
			productRefGroup = 0631761C176C5F0D002BAB29 /* Products */;
			projectDirPath = "";
			projectRoot = "";
			targets = (
				0631761A176C5F0D002BAB29 /* sunpost */,
			);
		};
/* End PBXProject section */

/* Begin PBXResourcesBuildPhase section */
		06317619176C5F0D002BAB29 /* Resources */ = {
			isa = PBXResourcesBuildPhase;
			buildActionMask = 2147483647;
			files = (
				06317629176C5F0D002BAB29 /* InfoPlist.strings in Resources */,
				06317631176C5F0D002BAB29 /* Default.png in Resources */,
				06317633176C5F0D002BAB29 /* Default@2x.png in Resources */,
				06317635176C5F0D002BAB29 /* Default-568h@2x.png in Resources */,
				0631763B176C5F0D002BAB29 /* ismViewController.xib in Resources */,
			);
			runOnlyForDeploymentPostprocessing = 0;
		};
/* End PBXResourcesBuildPhase section */

/* Begin PBXSourcesBuildPhase section */
		06317617176C5F0D002BAB29 /* Sources */ = {
			isa = PBXSourcesBuildPhase;
			buildActionMask = 2147483647;
			files = (
				0631762B176C5F0D002BAB29 /* main.m in Sources */,
				0631762F176C5F0D002BAB29 /* ismAppDelegate.m in Sources */,
				06317638176C5F0D002BAB29 /* ismViewController.m in Sources */,
			);
			runOnlyForDeploymentPostprocessing = 0;
		};
/* End PBXSourcesBuildPhase section */

/* Begin PBXVariantGroup section */
		06317627176C5F0D002BAB29 /* InfoPlist.strings */ = {
			isa = PBXVariantGroup;
			children = (
				06317628176C5F0D002BAB29 /* en */,
			);
			name = InfoPlist.strings;
			sourceTree = "<group>";
		};
		06317639176C5F0D002BAB29 /* ismViewController.xib */ = {
			isa = PBXVariantGroup;
			children = (
				0631763A176C5F0D002BAB29 /* en */,
			);
			name = ismViewController.xib;
			sourceTree = "<group>";
		};
/* End PBXVariantGroup section */

/* Begin XCBuildConfiguration section */
		0631763C176C5F0D002BAB29 /* Debug */ = {
			isa = XCBuildConfiguration;
			buildSettings = {
				ALWAYS_SEARCH_USER_PATHS = NO;
				CLANG_CXX_LANGUAGE_STANDARD = "gnu++0x";
				CLANG_CXX_LIBRARY = "libc++";
				CLANG_ENABLE_OBJC_ARC = YES;
				CLANG_WARN_CONSTANT_CONVERSION = YES;
				CLANG_WARN_EMPTY_BODY = YES;
				CLANG_WARN_ENUM_CONVERSION = YES;
				CLANG_WARN_INT_CONVERSION = YES;
				CLANG_WARN__DUPLICATE_METHOD_MATCH = YES;
				"CODE_SIGN_IDENTITY[sdk=iphoneos*]" = "iPhone Developer";
				COPY_PHASE_STRIP = NO;
				GCC_C_LANGUAGE_STANDARD = gnu99;
				GCC_DYNAMIC_NO_PIC = NO;
				GCC_OPTIMIZATION_LEVEL = 0;
				GCC_PREPROCESSOR_DEFINITIONS = (
					"DEBUG=1",
					"$(inherited)",
				);
				GCC_SYMBOLS_PRIVATE_EXTERN = NO;
				GCC_WARN_ABOUT_RETURN_TYPE = YES;
				GCC_WARN_UNINITIALIZED_AUTOS = YES;
				GCC_WARN_UNUSED_VARIABLE = YES;
				IPHONEOS_DEPLOYMENT_TARGET = 6.1;
				ONLY_ACTIVE_ARCH = YES;
				SDKROOT = iphoneos;
			};
			name = Debug;
		};
		0631763D176C5F0D002BAB29 /* Release */ = {
			isa = XCBuildConfiguration;
			buildSettings = {
				ALWAYS_SEARCH_USER_PATHS = NO;
				CLANG_CXX_LANGUAGE_STANDARD = "gnu++0x";
				CLANG_CXX_LIBRARY = "libc++";
				CLANG_ENABLE_OBJC_ARC = YES;
				CLANG_WARN_CONSTANT_CONVERSION = YES;
				CLANG_WARN_EMPTY_BODY = YES;
				CLANG_WARN_ENUM_CONVERSION = YES;
				CLANG_WARN_INT_CONVERSION = YES;
				CLANG_WARN__DUPLICATE_METHOD_MATCH = YES;
				"CODE_SIGN_IDENTITY[sdk=iphoneos*]" = "iPhone Developer";
				COPY_PHASE_STRIP = YES;
				GCC_C_LANGUAGE_STANDARD = gnu99;
				GCC_WARN_ABOUT_RETURN_TYPE = YES;
				GCC_WARN_UNINITIALIZED_AUTOS = YES;
				GCC_WARN_UNUSED_VARIABLE = YES;
				IPHONEOS_DEPLOYMENT_TARGET = 6.1;
				OTHER_CFLAGS = "-DNS_BLOCK_ASSERTIONS=1";
				SDKROOT = iphoneos;
				VALIDATE_PRODUCT = YES;
			};
			name = Release;
		};
		0631763F176C5F0D002BAB29 /* Debug */ = {
			isa = XCBuildConfiguration;
			buildSettings = {
				GCC_PRECOMPILE_PREFIX_HEADER = YES;
				GCC_PREFIX_HEADER = "sunpost/sunpost-Prefix.pch";
				INFOPLIST_FILE = "sunpost/sunpost-Info.plist";
				PRODUCT_NAME = "$(TARGET_NAME)";
				WRAPPER_EXTENSION = app;
			};
			name = Debug;
		};
		06317640176C5F0D002BAB29 /* Release */ = {
			isa = XCBuildConfiguration;
			buildSettings = {
				GCC_PRECOMPILE_PREFIX_HEADER = YES;
				GCC_PREFIX_HEADER = "sunpost/sunpost-Prefix.pch";
				INFOPLIST_FILE = "sunpost/sunpost-Info.plist";
				PRODUCT_NAME = "$(TARGET_NAME)";
				WRAPPER_EXTENSION = app;
			};
			name = Release;
		};
/* End XCBuildConfiguration section */

/* Begin XCConfigurationList section */
		06317616176C5F0D002BAB29 /* Build configuration list for PBXProject "sunpost" */ = {
			isa = XCConfigurationList;
			buildConfigurations = (
				0631763C176C5F0D002BAB29 /* Debug */,
				0631763D176C5F0D002BAB29 /* Release */,
			);
			defaultConfigurationIsVisible = 0;
			defaultConfigurationName = Release;
		};
		0631763E176C5F0D002BAB29 /* Build configuration list for PBXNativeTarget "sunpost" */ = {
			isa = XCConfigurationList;
			buildConfigurations = (
				0631763F176C5F0D002BAB29 /* Debug */,
				06317640176C5F0D002BAB29 /* Release */,
			);
			defaultConfigurationIsVisible = 0;
		};
/* End XCConfigurationList section */
	};
	rootObject = 06317613176C5F0D002BAB29 /* Project object */;
}
