// !$*UTF8*$!
{
	archiveVersion = 1;
	classes = {
	};
	objectVersion = 46;
	objects = {

/* Begin PBXBuildFile section */
		0631761F176C5F0D002BAB29 /* UIKit.framework in Frameworks */ = {isa = PBXBuildFile; fileRef = 0631761E176C5F0D002BAB29 /* UIKit.framework */; };
		06317621176C5F0D002BAB29 /* Foundation.framework in Frameworks */ = {isa = PBXBuildFile; fileRef = 06317620176C5F0D002BAB29 /* Foundation.framework */; };
		06317623176C5F0D002BAB29 /* CoreGraphics.framework in Frameworks */ = {isa = PBXBuildFile; fileRef = 06317622176C5F0D002BAB29 /* CoreGraphics.framework */; };
		06317629176C5F0D002BAB29 /* InfoPlist.strings in Resources */ = {isa = PBXBuildFile; fileRef = 06317627176C5F0D002BAB29 /* InfoPlist.strings */; };
		0631762B176C5F0D002BAB29 /* main.m in Sources */ = {isa = PBXBuildFile; fileRef = 0631762A176C5F0D002BAB29 /* main.m */; };
		0631762F176C5F0D002BAB29 /* ismAppDelegate.m in Sources */ = {isa = PBXBuildFile; fileRef = 0631762E176C5F0D002BAB29 /* ismAppDelegate.m */; };
		06317631176C5F0D002BAB29 /* Default.png in Resources */ = {isa = PBXBuildFile; fileRef = 06317630176C5F0D002BAB29 /* Default.png */; };
		06317633176C5F0D002BAB29 /* Default@2x.png in Resources */ = {isa = PBXBuildFile; fileRef = 06317632176C5F0D002BAB29 /* Default@2x.png */; };
		06317635176C5F0D002BAB29 /* Default-568h@2x.png in Resources */ = {isa = PBXBuildFile; fileRef = 06317634176C5F0D002BAB29 /* Default-568h@2x.png */; };
		06317638176C5F0D002BAB29 /* ismViewController.m in Sources */ = {isa = PBXBuildFile; fileRef = 06317637176C5F0D002BAB29 /* ismViewController.m */; };
		0631763B176C5F0D002BAB29 /* ismViewController.xib in Resources */ = {isa = PBXBuildFile; fileRef = 06317639176C5F0D002BAB29 /* ismViewController.xib */; };
		06317642176C5FA3002BAB29 /* CoreLocation.framework in Frameworks */ = {isa = PBXBuildFile; fileRef = 06317641176C5FA3002BAB29 /* CoreLocation.framework */; };
		06317644176C5FAC002BAB29 /* MapKit.framework in Frameworks */ = {isa = PBXBuildFile; fileRef = 06317643176C5FAC002BAB29 /* MapKit.framework */; };
		06317647176C639C002BAB29 /* ismNavigationController.m in Sources */ = {isa = PBXBuildFile; fileRef = 06317646176C639B002BAB29 /* ismNavigationController.m */; };
		0631764F176C7BC8002BAB29 /* ismPostView.m in Sources */ = {isa = PBXBuildFile; fileRef = 0631764D176C7BC7002BAB29 /* ismPostView.m */; };
		06317650176C7BC8002BAB29 /* ismPostView.xib in Resources */ = {isa = PBXBuildFile; fileRef = 0631764E176C7BC8002BAB29 /* ismPostView.xib */; };
		06317656176C8477002BAB29 /* ismDetailedView.m in Sources */ = {isa = PBXBuildFile; fileRef = 06317654176C8477002BAB29 /* ismDetailedView.m */; };
		06317657176C8477002BAB29 /* ismDetailedView.xib in Resources */ = {isa = PBXBuildFile; fileRef = 06317655176C8477002BAB29 /* ismDetailedView.xib */; };
		0668D997176CEB3400C10B4E /* letter.jpeg in Resources */ = {isa = PBXBuildFile; fileRef = 0668D996176CEB3400C10B4E /* letter.jpeg */; };
		0668D99A176CEBAE00C10B4E /* ismAnnotationView.m in Sources */ = {isa = PBXBuildFile; fileRef = 0668D999176CEBAE00C10B4E /* ismAnnotationView.m */; };
		06F46277176CADE200C1D871 /* ismAnnotation.m in Sources */ = {isa = PBXBuildFile; fileRef = 06F46276176CADE200C1D871 /* ismAnnotation.m */; };
		06F46290176CBDA100C1D871 /* NSAlert+MKNetworkKitAdditions.m in Sources */ = {isa = PBXBuildFile; fileRef = 06F4627B176CBDA100C1D871 /* NSAlert+MKNetworkKitAdditions.m */; };
		06F46291176CBDA100C1D871 /* NSData+MKBase64.m in Sources */ = {isa = PBXBuildFile; fileRef = 06F4627D176CBDA100C1D871 /* NSData+MKBase64.m */; };
		06F46292176CBDA100C1D871 /* NSDate+RFC1123.m in Sources */ = {isa = PBXBuildFile; fileRef = 06F4627F176CBDA100C1D871 /* NSDate+RFC1123.m */; };
		06F46293176CBDA100C1D871 /* NSDictionary+RequestEncoding.m in Sources */ = {isa = PBXBuildFile; fileRef = 06F46281176CBDA100C1D871 /* NSDictionary+RequestEncoding.m */; };
		06F46294176CBDA100C1D871 /* NSString+MKNetworkKitAdditions.m in Sources */ = {isa = PBXBuildFile; fileRef = 06F46283176CBDA100C1D871 /* NSString+MKNetworkKitAdditions.m */; };
		06F46295176CBDA100C1D871 /* UIAlertView+MKNetworkKitAdditions.m in Sources */ = {isa = PBXBuildFile; fileRef = 06F46285176CBDA100C1D871 /* UIAlertView+MKNetworkKitAdditions.m */; };
		06F46296176CBDA100C1D871 /* UIImageView+MKNetworkKitAdditions.m in Sources */ = {isa = PBXBuildFile; fileRef = 06F46287176CBDA100C1D871 /* UIImageView+MKNetworkKitAdditions.m */; };
		06F46297176CBDA100C1D871 /* MKNetworkEngine.m in Sources */ = {isa = PBXBuildFile; fileRef = 06F46289176CBDA100C1D871 /* MKNetworkEngine.m */; };
		06F46298176CBDA100C1D871 /* MKNetworkOperation.m in Sources */ = {isa = PBXBuildFile; fileRef = 06F4628C176CBDA100C1D871 /* MKNetworkOperation.m */; };
		06F46299176CBDA100C1D871 /* Reachability.m in Sources */ = {isa = PBXBuildFile; fileRef = 06F4628F176CBDA100C1D871 /* Reachability.m */; };
		06F4629B176CBDD000C1D871 /* CFNetwork.framework in Frameworks */ = {isa = PBXBuildFile; fileRef = 06F4629A176CBDD000C1D871 /* CFNetwork.framework */; };
		06F4629D176CBDD800C1D871 /* Security.framework in Frameworks */ = {isa = PBXBuildFile; fileRef = 06F4629C176CBDD800C1D871 /* Security.framework */; };
		06F4629F176CBDE300C1D871 /* SystemConfiguration.framework in Frameworks */ = {isa = PBXBuildFile; fileRef = 06F4629E176CBDE300C1D871 /* SystemConfiguration.framework */; };
		06F462A3176CBE2600C1D871 /* ismEngine.m in Sources */ = {isa = PBXBuildFile; fileRef = 06F462A2176CBE2600C1D871 /* ismEngine.m */; };
/* End PBXBuildFile section */

/* Begin PBXFileReference section */
		0631761B176C5F0D002BAB29 /* sunpost5.app */ = {isa = PBXFileReference; explicitFileType = wrapper.application; includeInIndex = 0; path = sunpost5.app; sourceTree = BUILT_PRODUCTS_DIR; };
		0631761E176C5F0D002BAB29 /* UIKit.framework */ = {isa = PBXFileReference; lastKnownFileType = wrapper.framework; name = UIKit.framework; path = System/Library/Frameworks/UIKit.framework; sourceTree = SDKROOT; };
		06317620176C5F0D002BAB29 /* Foundation.framework */ = {isa = PBXFileReference; lastKnownFileType = wrapper.framework; name = Foundation.framework; path = System/Library/Frameworks/Foundation.framework; sourceTree = SDKROOT; };
		06317622176C5F0D002BAB29 /* CoreGraphics.framework */ = {isa = PBXFileReference; lastKnownFileType = wrapper.framework; name = CoreGraphics.framework; path = System/Library/Frameworks/CoreGraphics.framework; sourceTree = SDKROOT; };
		06317626176C5F0D002BAB29 /* sunpost5-Info.plist */ = {isa = PBXFileReference; lastKnownFileType = text.plist.xml; path = "sunpost5-Info.plist"; sourceTree = "<group>"; };
		06317628176C5F0D002BAB29 /* en */ = {isa = PBXFileReference; lastKnownFileType = text.plist.strings; name = en; path = en.lproj/InfoPlist.strings; sourceTree = "<group>"; };
		0631762A176C5F0D002BAB29 /* main.m */ = {isa = PBXFileReference; lastKnownFileType = sourcecode.c.objc; path = main.m; sourceTree = "<group>"; };
		0631762C176C5F0D002BAB29 /* sunpost5-Prefix.pch */ = {isa = PBXFileReference; lastKnownFileType = sourcecode.c.h; path = "sunpost5-Prefix.pch"; sourceTree = "<group>"; };
		0631762D176C5F0D002BAB29 /* ismAppDelegate.h */ = {isa = PBXFileReference; lastKnownFileType = sourcecode.c.h; path = ismAppDelegate.h; sourceTree = "<group>"; };
		0631762E176C5F0D002BAB29 /* ismAppDelegate.m */ = {isa = PBXFileReference; lastKnownFileType = sourcecode.c.objc; path = ismAppDelegate.m; sourceTree = "<group>"; };
		06317630176C5F0D002BAB29 /* Default.png */ = {isa = PBXFileReference; lastKnownFileType = image.png; path = Default.png; sourceTree = "<group>"; };
		06317632176C5F0D002BAB29 /* Default@2x.png */ = {isa = PBXFileReference; lastKnownFileType = image.png; path = "Default@2x.png"; sourceTree = "<group>"; };
		06317634176C5F0D002BAB29 /* Default-568h@2x.png */ = {isa = PBXFileReference; lastKnownFileType = image.png; path = "Default-568h@2x.png"; sourceTree = "<group>"; };
		06317636176C5F0D002BAB29 /* ismViewController.h */ = {isa = PBXFileReference; lastKnownFileType = sourcecode.c.h; path = ismViewController.h; sourceTree = "<group>"; };
		06317637176C5F0D002BAB29 /* ismViewController.m */ = {isa = PBXFileReference; lastKnownFileType = sourcecode.c.objc; path = ismViewController.m; sourceTree = "<group>"; };
		0631763A176C5F0D002BAB29 /* en */ = {isa = PBXFileReference; lastKnownFileType = file.xib; name = en; path = en.lproj/ismViewController.xib; sourceTree = "<group>"; };
		06317641176C5FA3002BAB29 /* CoreLocation.framework */ = {isa = PBXFileReference; lastKnownFileType = wrapper.framework; name = CoreLocation.framework; path = System/Library/Frameworks/CoreLocation.framework; sourceTree = SDKROOT; };
		06317643176C5FAC002BAB29 /* MapKit.framework */ = {isa = PBXFileReference; lastKnownFileType = wrapper.framework; name = MapKit.framework; path = System/Library/Frameworks/MapKit.framework; sourceTree = SDKROOT; };
		06317645176C639B002BAB29 /* ismNavigationController.h */ = {isa = PBXFileReference; fileEncoding = 4; lastKnownFileType = sourcecode.c.h; path = ismNavigationController.h; sourceTree = "<group>"; };
		06317646176C639B002BAB29 /* ismNavigationController.m */ = {isa = PBXFileReference; fileEncoding = 4; lastKnownFileType = sourcecode.c.objc; path = ismNavigationController.m; sourceTree = "<group>"; };
		0631764C176C7BC7002BAB29 /* ismPostView.h */ = {isa = PBXFileReference; fileEncoding = 4; lastKnownFileType = sourcecode.c.h; path = ismPostView.h; sourceTree = "<group>"; };
		0631764D176C7BC7002BAB29 /* ismPostView.m */ = {isa = PBXFileReference; fileEncoding = 4; lastKnownFileType = sourcecode.c.objc; path = ismPostView.m; sourceTree = "<group>"; };
		0631764E176C7BC8002BAB29 /* ismPostView.xib */ = {isa = PBXFileReference; fileEncoding = 4; lastKnownFileType = file.xib; path = ismPostView.xib; sourceTree = "<group>"; };
		06317653176C8477002BAB29 /* ismDetailedView.h */ = {isa = PBXFileReference; fileEncoding = 4; lastKnownFileType = sourcecode.c.h; path = ismDetailedView.h; sourceTree = "<group>"; };
		06317654176C8477002BAB29 /* ismDetailedView.m */ = {isa = PBXFileReference; fileEncoding = 4; lastKnownFileType = sourcecode.c.objc; path = ismDetailedView.m; sourceTree = "<group>"; };
		06317655176C8477002BAB29 /* ismDetailedView.xib */ = {isa = PBXFileReference; fileEncoding = 4; lastKnownFileType = file.xib; path = ismDetailedView.xib; sourceTree = "<group>"; };
		0668D996176CEB3400C10B4E /* letter.jpeg */ = {isa = PBXFileReference; lastKnownFileType = image.jpeg; path = letter.jpeg; sourceTree = "<group>"; };
		0668D998176CEBAE00C10B4E /* ismAnnotationView.h */ = {isa = PBXFileReference; fileEncoding = 4; lastKnownFileType = sourcecode.c.h; path = ismAnnotationView.h; sourceTree = "<group>"; };
		0668D999176CEBAE00C10B4E /* ismAnnotationView.m */ = {isa = PBXFileReference; fileEncoding = 4; lastKnownFileType = sourcecode.c.objc; path = ismAnnotationView.m; sourceTree = "<group>"; };
		06F46275176CADE200C1D871 /* ismAnnotation.h */ = {isa = PBXFileReference; fileEncoding = 4; lastKnownFileType = sourcecode.c.h; path = ismAnnotation.h; sourceTree = "<group>"; };
		06F46276176CADE200C1D871 /* ismAnnotation.m */ = {isa = PBXFileReference; fileEncoding = 4; lastKnownFileType = sourcecode.c.objc; path = ismAnnotation.m; sourceTree = "<group>"; };
		06F4627B176CBDA100C1D871 /* NSAlert+MKNetworkKitAdditions.m */ = {isa = PBXFileReference; fileEncoding = 4; lastKnownFileType = sourcecode.c.objc; path = "NSAlert+MKNetworkKitAdditions.m"; sourceTree = "<group>"; };
		06F4627C176CBDA100C1D871 /* NSData+MKBase64.h */ = {isa = PBXFileReference; fileEncoding = 4; lastKnownFileType = sourcecode.c.h; path = "NSData+MKBase64.h"; sourceTree = "<group>"; };
		06F4627D176CBDA100C1D871 /* NSData+MKBase64.m */ = {isa = PBXFileReference; fileEncoding = 4; lastKnownFileType = sourcecode.c.objc; path = "NSData+MKBase64.m"; sourceTree = "<group>"; };
		06F4627E176CBDA100C1D871 /* NSDate+RFC1123.h */ = {isa = PBXFileReference; fileEncoding = 4; lastKnownFileType = sourcecode.c.h; path = "NSDate+RFC1123.h"; sourceTree = "<group>"; };
		06F4627F176CBDA100C1D871 /* NSDate+RFC1123.m */ = {isa = PBXFileReference; fileEncoding = 4; lastKnownFileType = sourcecode.c.objc; path = "NSDate+RFC1123.m"; sourceTree = "<group>"; };
		06F46280176CBDA100C1D871 /* NSDictionary+RequestEncoding.h */ = {isa = PBXFileReference; fileEncoding = 4; lastKnownFileType = sourcecode.c.h; path = "NSDictionary+RequestEncoding.h"; sourceTree = "<group>"; };
		06F46281176CBDA100C1D871 /* NSDictionary+RequestEncoding.m */ = {isa = PBXFileReference; fileEncoding = 4; lastKnownFileType = sourcecode.c.objc; path = "NSDictionary+RequestEncoding.m"; sourceTree = "<group>"; };
		06F46282176CBDA100C1D871 /* NSString+MKNetworkKitAdditions.h */ = {isa = PBXFileReference; fileEncoding = 4; lastKnownFileType = sourcecode.c.h; path = "NSString+MKNetworkKitAdditions.h"; sourceTree = "<group>"; };
		06F46283176CBDA100C1D871 /* NSString+MKNetworkKitAdditions.m */ = {isa = PBXFileReference; fileEncoding = 4; lastKnownFileType = sourcecode.c.objc; path = "NSString+MKNetworkKitAdditions.m"; sourceTree = "<group>"; };
		06F46284176CBDA100C1D871 /* UIAlertView+MKNetworkKitAdditions.h */ = {isa = PBXFileReference; fileEncoding = 4; lastKnownFileType = sourcecode.c.h; path = "UIAlertView+MKNetworkKitAdditions.h"; sourceTree = "<group>"; };
		06F46285176CBDA100C1D871 /* UIAlertView+MKNetworkKitAdditions.m */ = {isa = PBXFileReference; fileEncoding = 4; lastKnownFileType = sourcecode.c.objc; path = "UIAlertView+MKNetworkKitAdditions.m"; sourceTree = "<group>"; };
		06F46286176CBDA100C1D871 /* UIImageView+MKNetworkKitAdditions.h */ = {isa = PBXFileReference; fileEncoding = 4; lastKnownFileType = sourcecode.c.h; path = "UIImageView+MKNetworkKitAdditions.h"; sourceTree = "<group>"; };
		06F46287176CBDA100C1D871 /* UIImageView+MKNetworkKitAdditions.m */ = {isa = PBXFileReference; fileEncoding = 4; lastKnownFileType = sourcecode.c.objc; path = "UIImageView+MKNetworkKitAdditions.m"; sourceTree = "<group>"; };
		06F46288176CBDA100C1D871 /* MKNetworkEngine.h */ = {isa = PBXFileReference; fileEncoding = 4; lastKnownFileType = sourcecode.c.h; path = MKNetworkEngine.h; sourceTree = "<group>"; };
		06F46289176CBDA100C1D871 /* MKNetworkEngine.m */ = {isa = PBXFileReference; fileEncoding = 4; lastKnownFileType = sourcecode.c.objc; path = MKNetworkEngine.m; sourceTree = "<group>"; };
		06F4628A176CBDA100C1D871 /* MKNetworkKit.h */ = {isa = PBXFileReference; fileEncoding = 4; lastKnownFileType = sourcecode.c.h; path = MKNetworkKit.h; sourceTree = "<group>"; };
		06F4628B176CBDA100C1D871 /* MKNetworkOperation.h */ = {isa = PBXFileReference; fileEncoding = 4; lastKnownFileType = sourcecode.c.h; path = MKNetworkOperation.h; sourceTree = "<group>"; };
		06F4628C176CBDA100C1D871 /* MKNetworkOperation.m */ = {isa = PBXFileReference; fileEncoding = 4; lastKnownFileType = sourcecode.c.objc; path = MKNetworkOperation.m; sourceTree = "<group>"; };
		06F4628E176CBDA100C1D871 /* Reachability.h */ = {isa = PBXFileReference; fileEncoding = 4; lastKnownFileType = sourcecode.c.h; path = Reachability.h; sourceTree = "<group>"; };
		06F4628F176CBDA100C1D871 /* Reachability.m */ = {isa = PBXFileReference; fileEncoding = 4; lastKnownFileType = sourcecode.c.objc; path = Reachability.m; sourceTree = "<group>"; };
		06F4629A176CBDD000C1D871 /* CFNetwork.framework */ = {isa = PBXFileReference; lastKnownFileType = wrapper.framework; name = CFNetwork.framework; path = System/Library/Frameworks/CFNetwork.framework; sourceTree = SDKROOT; };
		06F4629C176CBDD800C1D871 /* Security.framework */ = {isa = PBXFileReference; lastKnownFileType = wrapper.framework; name = Security.framework; path = System/Library/Frameworks/Security.framework; sourceTree = SDKROOT; };
		06F4629E176CBDE300C1D871 /* SystemConfiguration.framework */ = {isa = PBXFileReference; lastKnownFileType = wrapper.framework; name = SystemConfiguration.framework; path = System/Library/Frameworks/SystemConfiguration.framework; sourceTree = SDKROOT; };
		06F462A1176CBE2600C1D871 /* ismEngine.h */ = {isa = PBXFileReference; fileEncoding = 4; lastKnownFileType = sourcecode.c.h; name = ismEngine.h; path = ../../../test/mknettest/mknettest/mknettest/ismEngine.h; sourceTree = "<group>"; };
		06F462A2176CBE2600C1D871 /* ismEngine.m */ = {isa = PBXFileReference; fileEncoding = 4; lastKnownFileType = sourcecode.c.objc; name = ismEngine.m; path = ../../../test/mknettest/mknettest/mknettest/ismEngine.m; sourceTree = "<group>"; };
/* End PBXFileReference section */

/* Begin PBXFrameworksBuildPhase section */
		06317618176C5F0D002BAB29 /* Frameworks */ = {
			isa = PBXFrameworksBuildPhase;
			buildActionMask = 2147483647;
			files = (
				06F4629F176CBDE300C1D871 /* SystemConfiguration.framework in Frameworks */,
				06F4629D176CBDD800C1D871 /* Security.framework in Frameworks */,
				06F4629B176CBDD000C1D871 /* CFNetwork.framework in Frameworks */,
				06317644176C5FAC002BAB29 /* MapKit.framework in Frameworks */,
				06317642176C5FA3002BAB29 /* CoreLocation.framework in Frameworks */,
				0631761F176C5F0D002BAB29 /* UIKit.framework in Frameworks */,
				06317621176C5F0D002BAB29 /* Foundation.framework in Frameworks */,
				06317623176C5F0D002BAB29 /* CoreGraphics.framework in Frameworks */,
			);
			runOnlyForDeploymentPostprocessing = 0;
		};
/* End PBXFrameworksBuildPhase section */

/* Begin PBXGroup section */
		06317612176C5F0D002BAB29 = {
			isa = PBXGroup;
			children = (
				06317624176C5F0D002BAB29 /* sunpost */,
				06F46278176CBDA100C1D871 /* MKNetworkKit */,
				0631761D176C5F0D002BAB29 /* Frameworks */,
				0631761C176C5F0D002BAB29 /* Products */,
			);
			sourceTree = "<group>";
		};
		0631761C176C5F0D002BAB29 /* Products */ = {
			isa = PBXGroup;
			children = (
				0631761B176C5F0D002BAB29 /* sunpost5.app */,
			);
			name = Products;
			sourceTree = "<group>";
		};
		0631761D176C5F0D002BAB29 /* Frameworks */ = {
			isa = PBXGroup;
			children = (
				06F4629E176CBDE300C1D871 /* SystemConfiguration.framework */,
				06F4629C176CBDD800C1D871 /* Security.framework */,
				06F4629A176CBDD000C1D871 /* CFNetwork.framework */,
				06317643176C5FAC002BAB29 /* MapKit.framework */,
				06317641176C5FA3002BAB29 /* CoreLocation.framework */,
				0631761E176C5F0D002BAB29 /* UIKit.framework */,
				06317620176C5F0D002BAB29 /* Foundation.framework */,
				06317622176C5F0D002BAB29 /* CoreGraphics.framework */,
			);
			name = Frameworks;
			sourceTree = "<group>";
		};
		06317624176C5F0D002BAB29 /* sunpost */ = {
			isa = PBXGroup;
			children = (
				0631762D176C5F0D002BAB29 /* ismAppDelegate.h */,
				0668D995176CEB2300C10B4E /* assets */,
				0631762E176C5F0D002BAB29 /* ismAppDelegate.m */,
				06317636176C5F0D002BAB29 /* ismViewController.h */,
				06317637176C5F0D002BAB29 /* ismViewController.m */,
				06317639176C5F0D002BAB29 /* ismViewController.xib */,
				06317645176C639B002BAB29 /* ismNavigationController.h */,
				06317646176C639B002BAB29 /* ismNavigationController.m */,
				06F46271176CAD3E00C1D871 /* ismAnnotation */,
				06317651176C8449002BAB29 /* postView */,
				06317652176C8456002BAB29 /* detailedView */,
				06F462A0176CBE0A00C1D871 /* network */,
				06317625176C5F0D002BAB29 /* Supporting Files */,
			);
			path = sunpost;
			sourceTree = "<group>";
		};
		06317625176C5F0D002BAB29 /* Supporting Files */ = {
			isa = PBXGroup;
			children = (
				06317626176C5F0D002BAB29 /* sunpost5-Info.plist */,
				06317627176C5F0D002BAB29 /* InfoPlist.strings */,
				0631762A176C5F0D002BAB29 /* main.m */,
				0631762C176C5F0D002BAB29 /* sunpost5-Prefix.pch */,
				06317630176C5F0D002BAB29 /* Default.png */,
				06317632176C5F0D002BAB29 /* Default@2x.png */,
				06317634176C5F0D002BAB29 /* Default-568h@2x.png */,
			);
			name = "Supporting Files";
			sourceTree = "<group>";
		};
		06317651176C8449002BAB29 /* postView */ = {
			isa = PBXGroup;
			children = (
				0631764C176C7BC7002BAB29 /* ismPostView.h */,
				0631764D176C7BC7002BAB29 /* ismPostView.m */,
				0631764E176C7BC8002BAB29 /* ismPostView.xib */,
			);
			name = postView;
			sourceTree = "<group>";
		};
		06317652176C8456002BAB29 /* detailedView */ = {
			isa = PBXGroup;
			children = (
				06317653176C8477002BAB29 /* ismDetailedView.h */,
				06317654176C8477002BAB29 /* ismDetailedView.m */,
				06317655176C8477002BAB29 /* ismDetailedView.xib */,
			);
			name = detailedView;
			sourceTree = "<group>";
		};
		0668D995176CEB2300C10B4E /* assets */ = {
			isa = PBXGroup;
			children = (
				0668D996176CEB3400C10B4E /* letter.jpeg */,
			);
			name = assets;
			sourceTree = "<group>";
		};
		06F46271176CAD3E00C1D871 /* ismAnnotation */ = {
			isa = PBXGroup;
			children = (
				06F46275176CADE200C1D871 /* ismAnnotation.h */,
				06F46276176CADE200C1D871 /* ismAnnotation.m */,
				0668D998176CEBAE00C10B4E /* ismAnnotationView.h */,
				0668D999176CEBAE00C10B4E /* ismAnnotationView.m */,
			);
			name = ismAnnotation;
			sourceTree = "<group>";
		};
		06F46278176CBDA100C1D871 /* MKNetworkKit */ = {
			isa = PBXGroup;
			children = (
				06F46279176CBDA100C1D871 /* Categories */,
				06F46288176CBDA100C1D871 /* MKNetworkEngine.h */,
				06F46289176CBDA100C1D871 /* MKNetworkEngine.m */,
				06F4628A176CBDA100C1D871 /* MKNetworkKit.h */,
				06F4628B176CBDA100C1D871 /* MKNetworkOperation.h */,
				06F4628C176CBDA100C1D871 /* MKNetworkOperation.m */,
				06F4628D176CBDA100C1D871 /* Reachability */,
			);
			name = MKNetworkKit;
			path = sunpost/MKNetworkKit;
			sourceTree = "<group>";
		};
		06F46279176CBDA100C1D871 /* Categories */ = {
			isa = PBXGroup;
			children = (
				06F4627B176CBDA100C1D871 /* NSAlert+MKNetworkKitAdditions.m */,
				06F4627C176CBDA100C1D871 /* NSData+MKBase64.h */,
				06F4627D176CBDA100C1D871 /* NSData+MKBase64.m */,
				06F4627E176CBDA100C1D871 /* NSDate+RFC1123.h */,
				06F4627F176CBDA100C1D871 /* NSDate+RFC1123.m */,
				06F46280176CBDA100C1D871 /* NSDictionary+RequestEncoding.h */,
				06F46281176CBDA100C1D871 /* NSDictionary+RequestEncoding.m */,
				06F46282176CBDA100C1D871 /* NSString+MKNetworkKitAdditions.h */,
				06F46283176CBDA100C1D871 /* NSString+MKNetworkKitAdditions.m */,
				06F46284176CBDA100C1D871 /* UIAlertView+MKNetworkKitAdditions.h */,
				06F46285176CBDA100C1D871 /* UIAlertView+MKNetworkKitAdditions.m */,
				06F46286176CBDA100C1D871 /* UIImageView+MKNetworkKitAdditions.h */,
				06F46287176CBDA100C1D871 /* UIImageView+MKNetworkKitAdditions.m */,
			);
			path = Categories;
			sourceTree = "<group>";
		};
		06F4628D176CBDA100C1D871 /* Reachability */ = {
			isa = PBXGroup;
			children = (
				06F4628E176CBDA100C1D871 /* Reachability.h */,
				06F4628F176CBDA100C1D871 /* Reachability.m */,
			);
			path = Reachability;
			sourceTree = "<group>";
		};
		06F462A0176CBE0A00C1D871 /* network */ = {
			isa = PBXGroup;
			children = (
				06F462A1176CBE2600C1D871 /* ismEngine.h */,
				06F462A2176CBE2600C1D871 /* ismEngine.m */,
			);
			name = network;
			sourceTree = "<group>";
		};
/* End PBXGroup section */

/* Begin PBXNativeTarget section */
		0631761A176C5F0D002BAB29 /* sunpost5 */ = {
			isa = PBXNativeTarget;
			buildConfigurationList = 0631763E176C5F0D002BAB29 /* Build configuration list for PBXNativeTarget "sunpost5" */;
			buildPhases = (
				06317617176C5F0D002BAB29 /* Sources */,
				06317618176C5F0D002BAB29 /* Frameworks */,
				06317619176C5F0D002BAB29 /* Resources */,
			);
			buildRules = (
			);
			dependencies = (
			);
			name = sunpost5;
			productName = sunpost;
			productReference = 0631761B176C5F0D002BAB29 /* sunpost5.app */;
			productType = "com.apple.product-type.application";
		};
/* End PBXNativeTarget section */

/* Begin PBXProject section */
		06317613176C5F0D002BAB29 /* Project object */ = {
			isa = PBXProject;
			attributes = {
				CLASSPREFIX = ism;
				LastUpgradeCheck = 0460;
				ORGANIZATIONNAME = kanade;
			};
			buildConfigurationList = 06317616176C5F0D002BAB29 /* Build configuration list for PBXProject "sunpost5" */;
			compatibilityVersion = "Xcode 3.2";
			developmentRegion = English;
			hasScannedForEncodings = 0;
			knownRegions = (
				en,
			);
			mainGroup = 06317612176C5F0D002BAB29;
			productRefGroup = 0631761C176C5F0D002BAB29 /* Products */;
			projectDirPath = "";
			projectRoot = "";
			targets = (
				0631761A176C5F0D002BAB29 /* sunpost5 */,
			);
		};
/* End PBXProject section */

/* Begin PBXResourcesBuildPhase section */
		06317619176C5F0D002BAB29 /* Resources */ = {
			isa = PBXResourcesBuildPhase;
			buildActionMask = 2147483647;
			files = (
				06317629176C5F0D002BAB29 /* InfoPlist.strings in Resources */,
				06317631176C5F0D002BAB29 /* Default.png in Resources */,
				06317633176C5F0D002BAB29 /* Default@2x.png in Resources */,
				06317635176C5F0D002BAB29 /* Default-568h@2x.png in Resources */,
				0631763B176C5F0D002BAB29 /* ismViewController.xib in Resources */,
				06317650176C7BC8002BAB29 /* ismPostView.xib in Resources */,
				06317657176C8477002BAB29 /* ismDetailedView.xib in Resources */,
				0668D997176CEB3400C10B4E /* letter.jpeg in Resources */,
			);
			runOnlyForDeploymentPostprocessing = 0;
		};
/* End PBXResourcesBuildPhase section */

/* Begin PBXSourcesBuildPhase section */
		06317617176C5F0D002BAB29 /* Sources */ = {
			isa = PBXSourcesBuildPhase;
			buildActionMask = 2147483647;
			files = (
				0631762B176C5F0D002BAB29 /* main.m in Sources */,
				0631762F176C5F0D002BAB29 /* ismAppDelegate.m in Sources */,
				06317638176C5F0D002BAB29 /* ismViewController.m in Sources */,
				06317647176C639C002BAB29 /* ismNavigationController.m in Sources */,
				0631764F176C7BC8002BAB29 /* ismPostView.m in Sources */,
				06317656176C8477002BAB29 /* ismDetailedView.m in Sources */,
				06F46277176CADE200C1D871 /* ismAnnotation.m in Sources */,
				06F46290176CBDA100C1D871 /* NSAlert+MKNetworkKitAdditions.m in Sources */,
				06F46291176CBDA100C1D871 /* NSData+MKBase64.m in Sources */,
				06F46292176CBDA100C1D871 /* NSDate+RFC1123.m in Sources */,
				06F46293176CBDA100C1D871 /* NSDictionary+RequestEncoding.m in Sources */,
				06F46294176CBDA100C1D871 /* NSString+MKNetworkKitAdditions.m in Sources */,
				06F46295176CBDA100C1D871 /* UIAlertView+MKNetworkKitAdditions.m in Sources */,
				06F46296176CBDA100C1D871 /* UIImageView+MKNetworkKitAdditions.m in Sources */,
				06F46297176CBDA100C1D871 /* MKNetworkEngine.m in Sources */,
				06F46298176CBDA100C1D871 /* MKNetworkOperation.m in Sources */,
				06F46299176CBDA100C1D871 /* Reachability.m in Sources */,
				06F462A3176CBE2600C1D871 /* ismEngine.m in Sources */,
				0668D99A176CEBAE00C10B4E /* ismAnnotationView.m in Sources */,
			);
			runOnlyForDeploymentPostprocessing = 0;
		};
/* End PBXSourcesBuildPhase section */

/* Begin PBXVariantGroup section */
		06317627176C5F0D002BAB29 /* InfoPlist.strings */ = {
			isa = PBXVariantGroup;
			children = (
				06317628176C5F0D002BAB29 /* en */,
			);
			name = InfoPlist.strings;
			sourceTree = "<group>";
		};
		06317639176C5F0D002BAB29 /* ismViewController.xib */ = {
			isa = PBXVariantGroup;
			children = (
				0631763A176C5F0D002BAB29 /* en */,
			);
			name = ismViewController.xib;
			sourceTree = "<group>";
		};
/* End PBXVariantGroup section */

/* Begin XCBuildConfiguration section */
		0631763C176C5F0D002BAB29 /* Debug */ = {
			isa = XCBuildConfiguration;
			buildSettings = {
				ALWAYS_SEARCH_USER_PATHS = NO;
				CLANG_CXX_LANGUAGE_STANDARD = "gnu++0x";
				CLANG_CXX_LIBRARY = "libc++";
				CLANG_ENABLE_OBJC_ARC = YES;
				CLANG_WARN_CONSTANT_CONVERSION = YES;
				CLANG_WARN_EMPTY_BODY = YES;
				CLANG_WARN_ENUM_CONVERSION = YES;
				CLANG_WARN_INT_CONVERSION = YES;
				CLANG_WARN__DUPLICATE_METHOD_MATCH = YES;
				"CODE_SIGN_IDENTITY[sdk=iphoneos*]" = "iPhone Developer";
				COPY_PHASE_STRIP = NO;
				GCC_C_LANGUAGE_STANDARD = gnu99;
				GCC_DYNAMIC_NO_PIC = NO;
				GCC_OPTIMIZATION_LEVEL = 0;
				GCC_PREPROCESSOR_DEFINITIONS = (
					"DEBUG=1",
					"$(inherited)",
				);
				GCC_SYMBOLS_PRIVATE_EXTERN = NO;
				GCC_WARN_ABOUT_RETURN_TYPE = YES;
				GCC_WARN_UNINITIALIZED_AUTOS = YES;
				GCC_WARN_UNUSED_VARIABLE = YES;
				IPHONEOS_DEPLOYMENT_TARGET = 6.1;
				ONLY_ACTIVE_ARCH = YES;
				SDKROOT = iphoneos;
			};
			name = Debug;
		};
		0631763D176C5F0D002BAB29 /* Release */ = {
			isa = XCBuildConfiguration;
			buildSettings = {
				ALWAYS_SEARCH_USER_PATHS = NO;
				CLANG_CXX_LANGUAGE_STANDARD = "gnu++0x";
				CLANG_CXX_LIBRARY = "libc++";
				CLANG_ENABLE_OBJC_ARC = YES;
				CLANG_WARN_CONSTANT_CONVERSION = YES;
				CLANG_WARN_EMPTY_BODY = YES;
				CLANG_WARN_ENUM_CONVERSION = YES;
				CLANG_WARN_INT_CONVERSION = YES;
				CLANG_WARN__DUPLICATE_METHOD_MATCH = YES;
				"CODE_SIGN_IDENTITY[sdk=iphoneos*]" = "iPhone Developer";
				COPY_PHASE_STRIP = YES;
				GCC_C_LANGUAGE_STANDARD = gnu99;
				GCC_WARN_ABOUT_RETURN_TYPE = YES;
				GCC_WARN_UNINITIALIZED_AUTOS = YES;
				GCC_WARN_UNUSED_VARIABLE = YES;
				IPHONEOS_DEPLOYMENT_TARGET = 6.1;
				OTHER_CFLAGS = "-DNS_BLOCK_ASSERTIONS=1";
				SDKROOT = iphoneos;
				VALIDATE_PRODUCT = YES;
			};
			name = Release;
		};
		0631763F176C5F0D002BAB29 /* Debug */ = {
			isa = XCBuildConfiguration;
			buildSettings = {
				GCC_PRECOMPILE_PREFIX_HEADER = YES;
				GCC_PREFIX_HEADER = "sunpost/sunpost5-Prefix.pch";
				INFOPLIST_FILE = "sunpost/sunpost5-Info.plist";
				PRODUCT_NAME = sunpost5;
				WRAPPER_EXTENSION = app;
			};
			name = Debug;
		};
		06317640176C5F0D002BAB29 /* Release */ = {
			isa = XCBuildConfiguration;
			buildSettings = {
				GCC_PRECOMPILE_PREFIX_HEADER = YES;
				GCC_PREFIX_HEADER = "sunpost/sunpost5-Prefix.pch";
				INFOPLIST_FILE = "sunpost/sunpost5-Info.plist";
				PRODUCT_NAME = sunpost5;
				WRAPPER_EXTENSION = app;
			};
			name = Release;
		};
/* End XCBuildConfiguration section */

/* Begin XCConfigurationList section */
		06317616176C5F0D002BAB29 /* Build configuration list for PBXProject "sunpost5" */ = {
			isa = XCConfigurationList;
			buildConfigurations = (
				0631763C176C5F0D002BAB29 /* Debug */,
				0631763D176C5F0D002BAB29 /* Release */,
			);
			defaultConfigurationIsVisible = 0;
			defaultConfigurationName = Release;
		};
		0631763E176C5F0D002BAB29 /* Build configuration list for PBXNativeTarget "sunpost5" */ = {
			isa = XCConfigurationList;
			buildConfigurations = (
				0631763F176C5F0D002BAB29 /* Debug */,
				06317640176C5F0D002BAB29 /* Release */,
			);
			defaultConfigurationIsVisible = 0;
			defaultConfigurationName = Release;
		};
/* End XCConfigurationList section */
	};
	rootObject = 06317613176C5F0D002BAB29 /* Project object */;
}
